Microsoft Visual Studio Solution File, Format Version 12.00
# Visual Studio Version 17
Project("{9A19103F-16F7-4668-BE54-9A1E7A4F7556}") = "Workstream.Core", "src\Workstream.Core\Workstream.Core.csproj", "{C0000001-0000-0000-0000-000000000001}"
EndProject
Project("{9A19103F-16F7-4668-BE54-9A1E7A4F7556}") = "Workstream.Data", "src\Workstream.Data\Workstream.Data.csproj", "{C0000001-0000-0000-0000-000000000002}"
EndProject
Project("{9A19103F-16F7-4668-BE54-9A1E7A4F7556}") = "Workstream.Telemetry", "src\Workstream.Telemetry\Workstream.Telemetry.csproj", "{C0000001-0000-0000-0000-000000000003}"
EndProject
Project("{9A19103F-16F7-4668-BE54-9A1E7A4F7556}") = "Workstream.GitHub", "src\Workstream.GitHub\Workstream.GitHub.csproj", "{C0000001-0000-0000-0000-000000000004}"
EndProject
Project("{9A19103F-16F7-4668-BE54-9A1E7A4F7556}") = "Workstream.Slack", "src\Workstream.Slack\Workstream.Slack.csproj", "{C0000001-0000-0000-0000-000000000005}"
EndProject
Project("{9A19103F-16F7-4668-BE54-9A1E7A4F7556}") = "Workstream.Mcp", "src\Workstream.Mcp\Workstream.Mcp.csproj", "{C0000001-0000-0000-0000-000000000006}"
EndProject
Project("{9A19103F-16F7-4668-BE54-9A1E7A4F7556}") = "Workstream.Api", "src\Workstream.Api\Workstream.Api.csproj", "{C0000001-0000-0000-0000-000000000007}"
EndProject
Project("{9A19103F-16F7-4668-BE54-9A1E7A4F7556}") = "Workstream.UnitTests", "tests\Workstream.UnitTests\Workstream.UnitTests.csproj", "{C0000002-0000-0000-0000-000000000001}"
EndProject
Project("{9A19103F-16F7-4668-BE54-9A1E7A4F7556}") = "Workstream.IntegrationTests", "tests\Workstream.IntegrationTests\Workstream.IntegrationTests.csproj", "{C0000002-0000-0000-0000-000000000002}"
EndProject
Project("{9A19103F-16F7-4668-BE54-9A1E7A4F7556}") = "Workstream.ConcurrencyTests", "tests\Workstream.ConcurrencyTests\Workstream.ConcurrencyTests.csproj", "{C0000002-0000-0000-0000-000000000003}"
EndProject
Project("{9A19103F-16F7-4668-BE54-9A1E7A4F7556}") = "workstream-admin", "tools\workstream-admin\workstream-admin.csproj", "{C0000003-0000-0000-0000-000000000001}"
EndProject
Global
	GlobalSection(SolutionConfigurationPlatforms) = preSolution
		Debug|Any CPU = Debug|Any CPU
		Release|Any CPU = Release|Any CPU
	EndGlobalSection
	GlobalSection(ProjectConfigurationPlatforms) = postSolution
		{C0000001-0000-0000-0000-000000000001}.Debug|Any CPU.ActiveCfg = Debug|Any CPU
		{C0000001-0000-0000-0000-000000000001}.Debug|Any CPU.Build.0 = Debug|Any CPU
		{C0000001-0000-0000-0000-000000000001}.Release|Any CPU.ActiveCfg = Release|Any CPU
		{C0000001-0000-0000-0000-000000000001}.Release|Any CPU.Build.0 = Release|Any CPU
		{C0000001-0000-0000-0000-000000000002}.Debug|Any CPU.ActiveCfg = Debug|Any CPU
		{C0000001-0000-0000-0000-000000000002}.Debug|Any CPU.Build.0 = Debug|Any CPU
		{C0000001-0000-0000-0000-000000000002}.Release|Any CPU.ActiveCfg = Release|Any CPU
		{C0000001-0000-0000-0000-000000000002}.Release|Any CPU.Build.0 = Release|Any CPU
		{C0000001-0000-0000-0000-000000000003}.Debug|Any CPU.ActiveCfg = Debug|Any CPU
		{C0000001-0000-0000-0000-000000000003}.Debug|Any CPU.Build.0 = Debug|Any CPU
		{C0000001-0000-0000-0000-000000000003}.Release|Any CPU.ActiveCfg = Release|Any CPU
		{C0000001-0000-0000-0000-000000000003}.Release|Any CPU.Build.0 = Release|Any CPU
		{C0000001-0000-0000-0000-000000000004}.Debug|Any CPU.ActiveCfg = Debug|Any CPU
		{C0000001-0000-0000-0000-000000000004}.Debug|Any CPU.Build.0 = Debug|Any CPU
		{C0000001-0000-0000-0000-000000000004}.Release|Any CPU.ActiveCfg = Release|Any CPU
		{C0000001-0000-0000-0000-000000000004}.Release|Any CPU.Build.0 = Release|Any CPU
		{C0000001-0000-0000-0000-000000000005}.Debug|Any CPU.ActiveCfg = Debug|Any CPU
		{C0000001-0000-0000-0000-000000000005}.Debug|Any CPU.Build.0 = Debug|Any CPU
		{C0000001-0000-0000-0000-000000000005}.Release|Any CPU.ActiveCfg = Release|Any CPU
		{C0000001-0000-0000-0000-000000000005}.Release|Any CPU.Build.0 = Release|Any CPU
		{C0000001-0000-0000-0000-000000000006}.Debug|Any CPU.ActiveCfg = Debug|Any CPU
		{C0000001-0000-0000-0000-000000000006}.Debug|Any CPU.Build.0 = Debug|Any CPU
		{C0000001-0000-0000-0000-000000000006}.Release|Any CPU.ActiveCfg = Release|Any CPU
		{C0000001-0000-0000-0000-000000000006}.Release|Any CPU.Build.0 = Release|Any CPU
		{C0000001-0000-0000-0000-000000000007}.Debug|Any CPU.ActiveCfg = Debug|Any CPU
		{C0000001-0000-0000-0000-000000000007}.Debug|Any CPU.Build.0 = Debug|Any CPU
		{C0000001-0000-0000-0000-000000000007}.Release|Any CPU.ActiveCfg = Release|Any CPU
		{C0000001-0000-0000-0000-000000000007}.Release|Any CPU.Build.0 = Release|Any CPU
		{C0000002-0000-0000-0000-000000000001}.Debug|Any CPU.ActiveCfg = Debug|Any CPU
		{C0000002-0000-0000-0000-000000000001}.Debug|Any CPU.Build.0 = Debug|Any CPU
		{C0000002-0000-0000-0000-000000000001}.Release|Any CPU.ActiveCfg = Release|Any CPU
		{C0000002-0000-0000-0000-000000000001}.Release|Any CPU.Build.0 = Release|Any CPU
		{C0000002-0000-0000-0000-000000000002}.Debug|Any CPU.ActiveCfg = Debug|Any CPU
		{C0000002-0000-0000-0000-000000000002}.Debug|Any CPU.Build.0 = Debug|Any CPU
		{C0000002-0000-0000-0000-000000000002}.Release|Any CPU.ActiveCfg = Release|Any CPU
		{C0000002-0000-0000-0000-000000000002}.Release|Any CPU.Build.0 = Release|Any CPU
		{C0000002-0000-0000-0000-000000000003}.Debug|Any CPU.ActiveCfg = Debug|Any CPU
		{C0000002-0000-0000-0000-000000000003}.Debug|Any CPU.Build.0 = Debug|Any CPU
		{C0000002-0000-0000-0000-000000000003}.Release|Any CPU.ActiveCfg = Release|Any CPU
		{C0000002-0000-0000-0000-000000000003}.Release|Any CPU.Build.0 = Release|Any CPU
		{C0000003-0000-0000-0000-000000000001}.Debug|Any CPU.ActiveCfg = Debug|Any CPU
		{C0000003-0000-0000-0000-000000000001}.Debug|Any CPU.Build.0 = Debug|Any CPU
		{C0000003-0000-0000-0000-000000000001}.Release|Any CPU.ActiveCfg = Release|Any CPU
		{C0000003-0000-0000-0000-000000000001}.Release|Any CPU.Build.0 = Release|Any CPU
	EndGlobalSection
EndGlobal
